
Microsoft Visual Studio Solution File, Format Version 12.00
# Visual Studio 15
VisualStudioVersion = 15.0.28010.2041
MinimumVisualStudioVersion = 10.0.40219.1
Project("{FAE04EC0-301F-11D3-BF4B-00C04F79EFBC}") = "Ejercicio_2.3.3", "Ejercicio_2.3.3\Ejercicio_2.3.3.csproj", "{A57CA6E1-2B7D-49C3-81B8-C6A704509AC7}"
EndProject
Global
	GlobalSection(SolutionConfigurationPlatforms) = preSolution
		Debug|Any CPU = Debug|Any CPU
		Release|Any CPU = Release|Any CPU
	EndGlobalSection
	GlobalSection(ProjectConfigurationPlatforms) = postSolution
		{A57CA6E1-2B7D-49C3-81B8-C6A704509AC7}.Debug|Any CPU.ActiveCfg = Debug|Any CPU
		{A57CA6E1-2B7D-49C3-81B8-C6A704509AC7}.Debug|Any CPU.Build.0 = Debug|Any CPU
		{A57CA6E1-2B7D-49C3-81B8-C6A704509AC7}.Release|Any CPU.ActiveCfg = Release|Any CPU
		{A57CA6E1-2B7D-49C3-81B8-C6A704509AC7}.Release|Any CPU.Build.0 = Release|Any CPU
	EndGlobalSection
	GlobalSection(SolutionProperties) = preSolution
		HideSolutionNode = FALSE
	EndGlobalSection
	GlobalSection(ExtensibilityGlobals) = postSolution
		SolutionGuid = {CCA4EBFA-8A31-4613-8553-5F76D6A8811D}
	EndGlobalSection
EndGlobal
