
Microsoft Visual Studio Solution File, Format Version 12.00
# Visual Studio 15
VisualStudioVersion = 15.0.28010.2041
MinimumVisualStudioVersion = 10.0.40219.1
Project("{FAE04EC0-301F-11D3-BF4B-00C04F79EFBC}") = "Proyecto", "Proyecto\Proyecto.csproj", "{3F783269-C47F-4B20-8C65-942B1301038C}"
EndProject
Global
	GlobalSection(SolutionConfigurationPlatforms) = preSolution
		Debug|Any CPU = Debug|Any CPU
		Release|Any CPU = Release|Any CPU
	EndGlobalSection
	GlobalSection(ProjectConfigurationPlatforms) = postSolution
		{3F783269-C47F-4B20-8C65-942B1301038C}.Debug|Any CPU.ActiveCfg = Debug|Any CPU
		{3F783269-C47F-4B20-8C65-942B1301038C}.Debug|Any CPU.Build.0 = Debug|Any CPU
		{3F783269-C47F-4B20-8C65-942B1301038C}.Release|Any CPU.ActiveCfg = Release|Any CPU
		{3F783269-C47F-4B20-8C65-942B1301038C}.Release|Any CPU.Build.0 = Release|Any CPU
	EndGlobalSection
	GlobalSection(SolutionProperties) = preSolution
		HideSolutionNode = FALSE
	EndGlobalSection
	GlobalSection(ExtensibilityGlobals) = postSolution
		SolutionGuid = {3F868664-B2B7-4CCE-9014-05BD77474405}
	EndGlobalSection
EndGlobal
